{
  "name": "nodejs-express-redis",
  "lockfileVersion": 3,
  "requires": true,
  "packages": {
    "": {
      "dependencies": {
        "express-rate-limit": "^8.1.0"
      }
    },
    "node_modules/express-rate-limit": {
      "version": "8.1.0",
      "resolved": "https://registry.npmjs.org/express-rate-limit/-/express-rate-limit-8.1.0.tgz",
      "integrity": "sha512-4nLnATuKupnmwqiJc27b4dCFmB/T60ExgmtDD7waf4LdrbJ8CPZzZRHYErDYNhoz+ql8fUdYwM/opf90PoPAQA==",
      "license": "MIT",
      "dependencies": {
        "ip-address": "10.0.1"
      },
      "engines": {
        "node": ">= 16"
      },
      "funding": {
        "url": "https://github.com/sponsors/express-rate-limit"
      },
      "peerDependencies": {
        "express": ">= 4.11"
      }
    },
    "node_modules/ip-address": {
      "version": "10.0.1",
      "resolved": "https://registry.npmjs.org/ip-address/-/ip-address-10.0.1.tgz",
      "integrity": "sha512-NWv9YLW4PoW2B7xtzaS3NCot75m6nK7Icdv0o3lfMceJVRfSoQwqD4wEH5rLwoKJwUiZ/rfpiVBhnaF0FK4HoA==",
      "license": "MIT",
      "engines": {
        "node": ">= 12"
      }
    }
  }
}
